// !$*UTF8*$!
{
	archiveVersion = 1;
	classes = {
	};
	objectVersion = 46;
	objects = {

/* Begin PBXBuildFile section */
		3B1F746F19D16AE100033D15 /* pushedViewController.m in Sources */ = {isa = PBXBuildFile; fileRef = 3B1F746E19D16AE100033D15 /* pushedViewController.m */; };
		3B6E2BB219D11E6900CD8A35 /* PopoverController.m in Sources */ = {isa = PBXBuildFile; fileRef = 3B6E2BB119D11E6900CD8A35 /* PopoverController.m */; };
		3B783FB319B9AC300015AA2E /* main.m in Sources */ = {isa = PBXBuildFile; fileRef = 3B783FB219B9AC300015AA2E /* main.m */; };
		3B783FB619B9AC300015AA2E /* AppDelegate.m in Sources */ = {isa = PBXBuildFile; fileRef = 3B783FB519B9AC300015AA2E /* AppDelegate.m */; };
		3B783FB919B9AC300015AA2E /* ViewController.m in Sources */ = {isa = PBXBuildFile; fileRef = 3B783FB819B9AC300015AA2E /* ViewController.m */; };
		3B783FBC19B9AC300015AA2E /* Main.storyboard in Resources */ = {isa = PBXBuildFile; fileRef = 3B783FBA19B9AC300015AA2E /* Main.storyboard */; };
		3B783FBE19B9AC300015AA2E /* Images.xcassets in Resources */ = {isa = PBXBuildFile; fileRef = 3B783FBD19B9AC300015AA2E /* Images.xcassets */; };
		3B783FCA19B9AC300015AA2E /* IOS_alertTests.m in Sources */ = {isa = PBXBuildFile; fileRef = 3B783FC919B9AC300015AA2E /* IOS_alertTests.m */; };
/* End PBXBuildFile section */

/* Begin PBXContainerItemProxy section */
		3B783FC419B9AC300015AA2E /* PBXContainerItemProxy */ = {
			isa = PBXContainerItemProxy;
			containerPortal = 3B783FA519B9AC300015AA2E /* Project object */;
			proxyType = 1;
			remoteGlobalIDString = 3B783FAC19B9AC300015AA2E;
			remoteInfo = "IOS-alert";
		};
/* End PBXContainerItemProxy section */

/* Begin PBXFileReference section */
		3B1F746D19D16AE100033D15 /* pushedViewController.h */ = {isa = PBXFileReference; fileEncoding = 4; lastKnownFileType = sourcecode.c.h; path = pushedViewController.h; sourceTree = "<group>"; };
		3B1F746E19D16AE100033D15 /* pushedViewController.m */ = {isa = PBXFileReference; fileEncoding = 4; lastKnownFileType = sourcecode.c.objc; path = pushedViewController.m; sourceTree = "<group>"; };
		3B6E2BB019D11E6900CD8A35 /* PopoverController.h */ = {isa = PBXFileReference; fileEncoding = 4; lastKnownFileType = sourcecode.c.h; path = PopoverController.h; sourceTree = "<group>"; };
		3B6E2BB119D11E6900CD8A35 /* PopoverController.m */ = {isa = PBXFileReference; fileEncoding = 4; lastKnownFileType = sourcecode.c.objc; path = PopoverController.m; sourceTree = "<group>"; };
		3B783FAD19B9AC300015AA2E /* IOS-alert.app */ = {isa = PBXFileReference; explicitFileType = wrapper.application; includeInIndex = 0; path = "IOS-alert.app"; sourceTree = BUILT_PRODUCTS_DIR; };
		3B783FB119B9AC300015AA2E /* Info.plist */ = {isa = PBXFileReference; lastKnownFileType = text.plist.xml; path = Info.plist; sourceTree = "<group>"; };
		3B783FB219B9AC300015AA2E /* main.m */ = {isa = PBXFileReference; lastKnownFileType = sourcecode.c.objc; path = main.m; sourceTree = "<group>"; };
		3B783FB419B9AC300015AA2E /* AppDelegate.h */ = {isa = PBXFileReference; lastKnownFileType = sourcecode.c.h; path = AppDelegate.h; sourceTree = "<group>"; };
		3B783FB519B9AC300015AA2E /* AppDelegate.m */ = {isa = PBXFileReference; lastKnownFileType = sourcecode.c.objc; path = AppDelegate.m; sourceTree = "<group>"; };
		3B783FB719B9AC300015AA2E /* ViewController.h */ = {isa = PBXFileReference; lastKnownFileType = sourcecode.c.h; path = ViewController.h; sourceTree = "<group>"; };
		3B783FB819B9AC300015AA2E /* ViewController.m */ = {isa = PBXFileReference; lastKnownFileType = sourcecode.c.objc; path = ViewController.m; sourceTree = "<group>"; };
		3B783FBB19B9AC300015AA2E /* Base */ = {isa = PBXFileReference; lastKnownFileType = file.storyboard; name = Base; path = Base.lproj/Main.storyboard; sourceTree = "<group>"; };
		3B783FBD19B9AC300015AA2E /* Images.xcassets */ = {isa = PBXFileReference; lastKnownFileType = folder.assetcatalog; path = Images.xcassets; sourceTree = "<group>"; };
		3B783FC319B9AC300015AA2E /* IOS-alertTests.xctest */ = {isa = PBXFileReference; explicitFileType = wrapper.cfbundle; includeInIndex = 0; path = "IOS-alertTests.xctest"; sourceTree = BUILT_PRODUCTS_DIR; };
		3B783FC819B9AC300015AA2E /* Info.plist */ = {isa = PBXFileReference; lastKnownFileType = text.plist.xml; path = Info.plist; sourceTree = "<group>"; };
		3B783FC919B9AC300015AA2E /* IOS_alertTests.m */ = {isa = PBXFileReference; lastKnownFileType = sourcecode.c.objc; path = IOS_alertTests.m; sourceTree = "<group>"; };
/* End PBXFileReference section */

/* Begin PBXFrameworksBuildPhase section */
		3B783FAA19B9AC300015AA2E /* Frameworks */ = {
			isa = PBXFrameworksBuildPhase;
			buildActionMask = 2147483647;
			files = (
			);
			runOnlyForDeploymentPostprocessing = 0;
		};
		3B783FC019B9AC300015AA2E /* Frameworks */ = {
			isa = PBXFrameworksBuildPhase;
			buildActionMask = 2147483647;
			files = (
			);
			runOnlyForDeploymentPostprocessing = 0;
		};
/* End PBXFrameworksBuildPhase section */

/* Begin PBXGroup section */
		3B783FA419B9AC300015AA2E = {
			isa = PBXGroup;
			children = (
				3B783FAF19B9AC300015AA2E /* IOS-alert */,
				3B783FC619B9AC300015AA2E /* IOS-alertTests */,
				3B783FAE19B9AC300015AA2E /* Products */,
			);
			sourceTree = "<group>";
		};
		3B783FAE19B9AC300015AA2E /* Products */ = {
			isa = PBXGroup;
			children = (
				3B783FAD19B9AC300015AA2E /* IOS-alert.app */,
				3B783FC319B9AC300015AA2E /* IOS-alertTests.xctest */,
			);
			name = Products;
			sourceTree = "<group>";
		};
		3B783FAF19B9AC300015AA2E /* IOS-alert */ = {
			isa = PBXGroup;
			children = (
				3B783FB419B9AC300015AA2E /* AppDelegate.h */,
				3B783FB519B9AC300015AA2E /* AppDelegate.m */,
				3B783FB719B9AC300015AA2E /* ViewController.h */,
				3B783FB819B9AC300015AA2E /* ViewController.m */,
				3B6E2BB019D11E6900CD8A35 /* PopoverController.h */,
				3B6E2BB119D11E6900CD8A35 /* PopoverController.m */,
				3B1F746D19D16AE100033D15 /* pushedViewController.h */,
				3B1F746E19D16AE100033D15 /* pushedViewController.m */,
				3B783FBA19B9AC300015AA2E /* Main.storyboard */,
				3B783FBD19B9AC300015AA2E /* Images.xcassets */,
				3B783FB019B9AC300015AA2E /* Supporting Files */,
			);
			path = "IOS-alert";
			sourceTree = "<group>";
		};
		3B783FB019B9AC300015AA2E /* Supporting Files */ = {
			isa = PBXGroup;
			children = (
				3B783FB119B9AC300015AA2E /* Info.plist */,
				3B783FB219B9AC300015AA2E /* main.m */,
			);
			name = "Supporting Files";
			sourceTree = "<group>";
		};
		3B783FC619B9AC300015AA2E /* IOS-alertTests */ = {
			isa = PBXGroup;
			children = (
				3B783FC919B9AC300015AA2E /* IOS_alertTests.m */,
				3B783FC719B9AC300015AA2E /* Supporting Files */,
			);
			path = "IOS-alertTests";
			sourceTree = "<group>";
		};
		3B783FC719B9AC300015AA2E /* Supporting Files */ = {
			isa = PBXGroup;
			children = (
				3B783FC819B9AC300015AA2E /* Info.plist */,
			);
			name = "Supporting Files";
			sourceTree = "<group>";
		};
/* End PBXGroup section */

/* Begin PBXNativeTarget section */
		3B783FAC19B9AC300015AA2E /* IOS-alert */ = {
			isa = PBXNativeTarget;
			buildConfigurationList = 3B783FCD19B9AC300015AA2E /* Build configuration list for PBXNativeTarget "IOS-alert" */;
			buildPhases = (
				3B783FA919B9AC300015AA2E /* Sources */,
				3B783FAA19B9AC300015AA2E /* Frameworks */,
				3B783FAB19B9AC300015AA2E /* Resources */,
			);
			buildRules = (
			);
			dependencies = (
			);
			name = "IOS-alert";
			productName = "IOS-alert";
			productReference = 3B783FAD19B9AC300015AA2E /* IOS-alert.app */;
			productType = "com.apple.product-type.application";
		};
		3B783FC219B9AC300015AA2E /* IOS-alertTests */ = {
			isa = PBXNativeTarget;
			buildConfigurationList = 3B783FD019B9AC300015AA2E /* Build configuration list for PBXNativeTarget "IOS-alertTests" */;
			buildPhases = (
				3B783FBF19B9AC300015AA2E /* Sources */,
				3B783FC019B9AC300015AA2E /* Frameworks */,
				3B783FC119B9AC300015AA2E /* Resources */,
			);
			buildRules = (
			);
			dependencies = (
				3B783FC519B9AC300015AA2E /* PBXTargetDependency */,
			);
			name = "IOS-alertTests";
			productName = "IOS-alertTests";
			productReference = 3B783FC319B9AC300015AA2E /* IOS-alertTests.xctest */;
			productType = "com.apple.product-type.bundle.unit-test";
		};
/* End PBXNativeTarget section */

/* Begin PBXProject section */
		3B783FA519B9AC300015AA2E /* Project object */ = {
			isa = PBXProject;
			attributes = {
				LastUpgradeCheck = 0600;
				ORGANIZATIONNAME = "侯 坤明";
				TargetAttributes = {
					3B783FAC19B9AC300015AA2E = {
						CreatedOnToolsVersion = 6.0;
					};
					3B783FC219B9AC300015AA2E = {
						CreatedOnToolsVersion = 6.0;
						TestTargetID = 3B783FAC19B9AC300015AA2E;
					};
				};
			};
			buildConfigurationList = 3B783FA819B9AC300015AA2E /* Build configuration list for PBXProject "IOS-alert" */;
			compatibilityVersion = "Xcode 3.2";
			developmentRegion = English;
			hasScannedForEncodings = 0;
			knownRegions = (
				en,
				Base,
			);
			mainGroup = 3B783FA419B9AC300015AA2E;
			productRefGroup = 3B783FAE19B9AC300015AA2E /* Products */;
			projectDirPath = "";
			projectRoot = "";
			targets = (
				3B783FAC19B9AC300015AA2E /* IOS-alert */,
				3B783FC219B9AC300015AA2E /* IOS-alertTests */,
			);
		};
/* End PBXProject section */

/* Begin PBXResourcesBuildPhase section */
		3B783FAB19B9AC300015AA2E /* Resources */ = {
			isa = PBXResourcesBuildPhase;
			buildActionMask = 2147483647;
			files = (
				3B783FBC19B9AC300015AA2E /* Main.storyboard in Resources */,
				3B783FBE19B9AC300015AA2E /* Images.xcassets in Resources */,
			);
			runOnlyForDeploymentPostprocessing = 0;
		};
		3B783FC119B9AC300015AA2E /* Resources */ = {
			isa = PBXResourcesBuildPhase;
			buildActionMask = 2147483647;
			files = (
			);
			runOnlyForDeploymentPostprocessing = 0;
		};
/* End PBXResourcesBuildPhase section */

/* Begin PBXSourcesBuildPhase section */
		3B783FA919B9AC300015AA2E /* Sources */ = {
			isa = PBXSourcesBuildPhase;
			buildActionMask = 2147483647;
			files = (
				3B783FB919B9AC300015AA2E /* ViewController.m in Sources */,
				3B6E2BB219D11E6900CD8A35 /* PopoverController.m in Sources */,
				3B1F746F19D16AE100033D15 /* pushedViewController.m in Sources */,
				3B783FB619B9AC300015AA2E /* AppDelegate.m in Sources */,
				3B783FB319B9AC300015AA2E /* main.m in Sources */,
			);
			runOnlyForDeploymentPostprocessing = 0;
		};
		3B783FBF19B9AC300015AA2E /* Sources */ = {
			isa = PBXSourcesBuildPhase;
			buildActionMask = 2147483647;
			files = (
				3B783FCA19B9AC300015AA2E /* IOS_alertTests.m in Sources */,
			);
			runOnlyForDeploymentPostprocessing = 0;
		};
/* End PBXSourcesBuildPhase section */

/* Begin PBXTargetDependency section */
		3B783FC519B9AC300015AA2E /* PBXTargetDependency */ = {
			isa = PBXTargetDependency;
			target = 3B783FAC19B9AC300015AA2E /* IOS-alert */;
			targetProxy = 3B783FC419B9AC300015AA2E /* PBXContainerItemProxy */;
		};
/* End PBXTargetDependency section */

/* Begin PBXVariantGroup section */
		3B783FBA19B9AC300015AA2E /* Main.storyboard */ = {
			isa = PBXVariantGroup;
			children = (
				3B783FBB19B9AC300015AA2E /* Base */,
			);
			name = Main.storyboard;
			sourceTree = "<group>";
		};
/* End PBXVariantGroup section */

/* Begin XCBuildConfiguration section */
		3B783FCB19B9AC300015AA2E /* Debug */ = {
			isa = XCBuildConfiguration;
			buildSettings = {
				ALWAYS_SEARCH_USER_PATHS = NO;
				CLANG_CXX_LANGUAGE_STANDARD = "gnu++0x";
				CLANG_CXX_LIBRARY = "libc++";
				CLANG_ENABLE_MODULES = YES;
				CLANG_ENABLE_OBJC_ARC = YES;
				CLANG_WARN_BOOL_CONVERSION = YES;
				CLANG_WARN_CONSTANT_CONVERSION = YES;
				CLANG_WARN_DIRECT_OBJC_ISA_USAGE = YES_ERROR;
				CLANG_WARN_EMPTY_BODY = YES;
				CLANG_WARN_ENUM_CONVERSION = YES;
				CLANG_WARN_INT_CONVERSION = YES;
				CLANG_WARN_OBJC_ROOT_CLASS = YES_ERROR;
				CLANG_WARN_UNREACHABLE_CODE = YES;
				CLANG_WARN__DUPLICATE_METHOD_MATCH = YES;
				"CODE_SIGN_IDENTITY[sdk=iphoneos*]" = "iPhone Developer";
				COPY_PHASE_STRIP = NO;
				ENABLE_STRICT_OBJC_MSGSEND = YES;
				GCC_C_LANGUAGE_STANDARD = gnu99;
				GCC_DYNAMIC_NO_PIC = NO;
				GCC_OPTIMIZATION_LEVEL = 0;
				GCC_PREPROCESSOR_DEFINITIONS = (
					"DEBUG=1",
					"$(inherited)",
				);
				GCC_SYMBOLS_PRIVATE_EXTERN = NO;
				GCC_WARN_64_TO_32_BIT_CONVERSION = YES;
				GCC_WARN_ABOUT_RETURN_TYPE = YES_ERROR;
				GCC_WARN_UNDECLARED_SELECTOR = YES;
				GCC_WARN_UNINITIALIZED_AUTOS = YES_AGGRESSIVE;
				GCC_WARN_UNUSED_FUNCTION = YES;
				GCC_WARN_UNUSED_VARIABLE = YES;
				IPHONEOS_DEPLOYMENT_TARGET = 8.0;
				MTL_ENABLE_DEBUG_INFO = YES;
				ONLY_ACTIVE_ARCH = YES;
				SDKROOT = iphoneos;
				TARGETED_DEVICE_FAMILY = "1,2";
			};
			name = Debug;
		};
		3B783FCC19B9AC300015AA2E /* Release */ = {
			isa = XCBuildConfiguration;
			buildSettings = {
				ALWAYS_SEARCH_USER_PATHS = NO;
				CLANG_CXX_LANGUAGE_STANDARD = "gnu++0x";
				CLANG_CXX_LIBRARY = "libc++";
				CLANG_ENABLE_MODULES = YES;
				CLANG_ENABLE_OBJC_ARC = YES;
				CLANG_WARN_BOOL_CONVERSION = YES;
				CLANG_WARN_CONSTANT_CONVERSION = YES;
				CLANG_WARN_DIRECT_OBJC_ISA_USAGE = YES_ERROR;
				CLANG_WARN_EMPTY_BODY = YES;
				CLANG_WARN_ENUM_CONVERSION = YES;
				CLANG_WARN_INT_CONVERSION = YES;
				CLANG_WARN_OBJC_ROOT_CLASS = YES_ERROR;
				CLANG_WARN_UNREACHABLE_CODE = YES;
				CLANG_WARN__DUPLICATE_METHOD_MATCH = YES;
				"CODE_SIGN_IDENTITY[sdk=iphoneos*]" = "iPhone Developer";
				COPY_PHASE_STRIP = YES;
				ENABLE_NS_ASSERTIONS = NO;
				ENABLE_STRICT_OBJC_MSGSEND = YES;
				GCC_C_LANGUAGE_STANDARD = gnu99;
				GCC_WARN_64_TO_32_BIT_CONVERSION = YES;
				GCC_WARN_ABOUT_RETURN_TYPE = YES_ERROR;
				GCC_WARN_UNDECLARED_SELECTOR = YES;
				GCC_WARN_UNINITIALIZED_AUTOS = YES_AGGRESSIVE;
				GCC_WARN_UNUSED_FUNCTION = YES;
				GCC_WARN_UNUSED_VARIABLE = YES;
				IPHONEOS_DEPLOYMENT_TARGET = 8.0;
				MTL_ENABLE_DEBUG_INFO = NO;
				SDKROOT = iphoneos;
				TARGETED_DEVICE_FAMILY = "1,2";
				VALIDATE_PRODUCT = YES;
			};
			name = Release;
		};
		3B783FCE19B9AC300015AA2E /* Debug */ = {
			isa = XCBuildConfiguration;
			buildSettings = {
				ASSETCATALOG_COMPILER_APPICON_NAME = AppIcon;
				ASSETCATALOG_COMPILER_LAUNCHIMAGE_NAME = LaunchImage;
				INFOPLIST_FILE = "IOS-alert/Info.plist";
				LD_RUNPATH_SEARCH_PATHS = "$(inherited) @executable_path/Frameworks";
				PRODUCT_NAME = "$(TARGET_NAME)";
			};
			name = Debug;
		};
		3B783FCF19B9AC300015AA2E /* Release */ = {
			isa = XCBuildConfiguration;
			buildSettings = {
				ASSETCATALOG_COMPILER_APPICON_NAME = AppIcon;
				ASSETCATALOG_COMPILER_LAUNCHIMAGE_NAME = LaunchImage;
				INFOPLIST_FILE = "IOS-alert/Info.plist";
				LD_RUNPATH_SEARCH_PATHS = "$(inherited) @executable_path/Frameworks";
				PRODUCT_NAME = "$(TARGET_NAME)";
			};
			name = Release;
		};
		3B783FD119B9AC300015AA2E /* Debug */ = {
			isa = XCBuildConfiguration;
			buildSettings = {
				BUNDLE_LOADER = "$(TEST_HOST)";
				FRAMEWORK_SEARCH_PATHS = (
					"$(SDKROOT)/Developer/Library/Frameworks",
					"$(inherited)",
				);
				GCC_PREPROCESSOR_DEFINITIONS = (
					"DEBUG=1",
					"$(inherited)",
				);
				INFOPLIST_FILE = "IOS-alertTests/Info.plist";
				LD_RUNPATH_SEARCH_PATHS = "$(inherited) @executable_path/Frameworks @loader_path/Frameworks";
				PRODUCT_NAME = "$(TARGET_NAME)";
				TEST_HOST = "$(BUILT_PRODUCTS_DIR)/IOS-alert.app/IOS-alert";
			};
			name = Debug;
		};
		3B783FD219B9AC300015AA2E /* Release */ = {
			isa = XCBuildConfiguration;
			buildSettings = {
				BUNDLE_LOADER = "$(TEST_HOST)";
				FRAMEWORK_SEARCH_PATHS = (
					"$(SDKROOT)/Developer/Library/Frameworks",
					"$(inherited)",
				);
				INFOPLIST_FILE = "IOS-alertTests/Info.plist";
				LD_RUNPATH_SEARCH_PATHS = "$(inherited) @executable_path/Frameworks @loader_path/Frameworks";
				PRODUCT_NAME = "$(TARGET_NAME)";
				TEST_HOST = "$(BUILT_PRODUCTS_DIR)/IOS-alert.app/IOS-alert";
			};
			name = Release;
		};
/* End XCBuildConfiguration section */

/* Begin XCConfigurationList section */
		3B783FA819B9AC300015AA2E /* Build configuration list for PBXProject "IOS-alert" */ = {
			isa = XCConfigurationList;
			buildConfigurations = (
				3B783FCB19B9AC300015AA2E /* Debug */,
				3B783FCC19B9AC300015AA2E /* Release */,
			);
			defaultConfigurationIsVisible = 0;
			defaultConfigurationName = Release;
		};
		3B783FCD19B9AC300015AA2E /* Build configuration list for PBXNativeTarget "IOS-alert" */ = {
			isa = XCConfigurationList;
			buildConfigurations = (
				3B783FCE19B9AC300015AA2E /* Debug */,
				3B783FCF19B9AC300015AA2E /* Release */,
			);
			defaultConfigurationIsVisible = 0;
			defaultConfigurationName = Release;
		};
		3B783FD019B9AC300015AA2E /* Build configuration list for PBXNativeTarget "IOS-alertTests" */ = {
			isa = XCConfigurationList;
			buildConfigurations = (
				3B783FD119B9AC300015AA2E /* Debug */,
				3B783FD219B9AC300015AA2E /* Release */,
			);
			defaultConfigurationIsVisible = 0;
			defaultConfigurationName = Release;
		};
/* End XCConfigurationList section */
	};
	rootObject = 3B783FA519B9AC300015AA2E /* Project object */;
}
