// !$*UTF8*$!
{
	archiveVersion = 1;
	classes = {
	};
	objectVersion = 46;
	objects = {

/* Begin PBXBuildFile section */
		3B642CF0199B90BE002F0A42 /* main.m in Sources */ = {isa = PBXBuildFile; fileRef = 3B642CEF199B90BE002F0A42 /* main.m */; };
		3B642CF3199B90BE002F0A42 /* AppDelegate.m in Sources */ = {isa = PBXBuildFile; fileRef = 3B642CF2199B90BE002F0A42 /* AppDelegate.m */; };
		3B642CF6199B90BE002F0A42 /* ViewController.m in Sources */ = {isa = PBXBuildFile; fileRef = 3B642CF5199B90BE002F0A42 /* ViewController.m */; };
		3B642CF9199B90BE002F0A42 /* Main.storyboard in Resources */ = {isa = PBXBuildFile; fileRef = 3B642CF7199B90BE002F0A42 /* Main.storyboard */; };
		3B642CFB199B90BE002F0A42 /* Images.xcassets in Resources */ = {isa = PBXBuildFile; fileRef = 3B642CFA199B90BE002F0A42 /* Images.xcassets */; };
		3B642D07199B90BE002F0A42 /* TextKitDemoTests.m in Sources */ = {isa = PBXBuildFile; fileRef = 3B642D06199B90BE002F0A42 /* TextKitDemoTests.m */; };
		3B642D12199B9186002F0A42 /* TextAndPictureViewController.m in Sources */ = {isa = PBXBuildFile; fileRef = 3B642D11199B9186002F0A42 /* TextAndPictureViewController.m */; };
		3B642D17199CA702002F0A42 /* HighLightViewController.m in Sources */ = {isa = PBXBuildFile; fileRef = 3B642D16199CA702002F0A42 /* HighLightViewController.m */; };
		3B642D1D199CB0F4002F0A42 /* LayoutViewController.m in Sources */ = {isa = PBXBuildFile; fileRef = 3B642D1C199CB0F4002F0A42 /* LayoutViewController.m */; };
		3B642D20199CB112002F0A42 /* MyLayoutManager.m in Sources */ = {isa = PBXBuildFile; fileRef = 3B642D1F199CB112002F0A42 /* MyLayoutManager.m */; };
		3B642D23199CB1C4002F0A42 /* text.txt in Resources */ = {isa = PBXBuildFile; fileRef = 3B642D22199CB1C4002F0A42 /* text.txt */; };
/* End PBXBuildFile section */

/* Begin PBXContainerItemProxy section */
		3B642D01199B90BE002F0A42 /* PBXContainerItemProxy */ = {
			isa = PBXContainerItemProxy;
			containerPortal = 3B642CE2199B90BE002F0A42 /* Project object */;
			proxyType = 1;
			remoteGlobalIDString = 3B642CE9199B90BE002F0A42;
			remoteInfo = TextKitDemo;
		};
/* End PBXContainerItemProxy section */

/* Begin PBXFileReference section */
		3B642CEA199B90BE002F0A42 /* TextKitDemo.app */ = {isa = PBXFileReference; explicitFileType = wrapper.application; includeInIndex = 0; path = TextKitDemo.app; sourceTree = BUILT_PRODUCTS_DIR; };
		3B642CEE199B90BE002F0A42 /* Info.plist */ = {isa = PBXFileReference; lastKnownFileType = text.plist.xml; path = Info.plist; sourceTree = "<group>"; };
		3B642CEF199B90BE002F0A42 /* main.m */ = {isa = PBXFileReference; lastKnownFileType = sourcecode.c.objc; path = main.m; sourceTree = "<group>"; };
		3B642CF1199B90BE002F0A42 /* AppDelegate.h */ = {isa = PBXFileReference; lastKnownFileType = sourcecode.c.h; path = AppDelegate.h; sourceTree = "<group>"; };
		3B642CF2199B90BE002F0A42 /* AppDelegate.m */ = {isa = PBXFileReference; lastKnownFileType = sourcecode.c.objc; path = AppDelegate.m; sourceTree = "<group>"; };
		3B642CF4199B90BE002F0A42 /* ViewController.h */ = {isa = PBXFileReference; lastKnownFileType = sourcecode.c.h; path = ViewController.h; sourceTree = "<group>"; };
		3B642CF5199B90BE002F0A42 /* ViewController.m */ = {isa = PBXFileReference; lastKnownFileType = sourcecode.c.objc; path = ViewController.m; sourceTree = "<group>"; };
		3B642CF8199B90BE002F0A42 /* Base */ = {isa = PBXFileReference; lastKnownFileType = file.storyboard; name = Base; path = Base.lproj/Main.storyboard; sourceTree = "<group>"; };
		3B642CFA199B90BE002F0A42 /* Images.xcassets */ = {isa = PBXFileReference; lastKnownFileType = folder.assetcatalog; path = Images.xcassets; sourceTree = "<group>"; };
		3B642D00199B90BE002F0A42 /* TextKitDemoTests.xctest */ = {isa = PBXFileReference; explicitFileType = wrapper.cfbundle; includeInIndex = 0; path = TextKitDemoTests.xctest; sourceTree = BUILT_PRODUCTS_DIR; };
		3B642D05199B90BE002F0A42 /* Info.plist */ = {isa = PBXFileReference; lastKnownFileType = text.plist.xml; path = Info.plist; sourceTree = "<group>"; };
		3B642D06199B90BE002F0A42 /* TextKitDemoTests.m */ = {isa = PBXFileReference; lastKnownFileType = sourcecode.c.objc; path = TextKitDemoTests.m; sourceTree = "<group>"; };
		3B642D10199B9186002F0A42 /* TextAndPictureViewController.h */ = {isa = PBXFileReference; fileEncoding = 4; lastKnownFileType = sourcecode.c.h; path = TextAndPictureViewController.h; sourceTree = "<group>"; };
		3B642D11199B9186002F0A42 /* TextAndPictureViewController.m */ = {isa = PBXFileReference; fileEncoding = 4; lastKnownFileType = sourcecode.c.objc; path = TextAndPictureViewController.m; sourceTree = "<group>"; };
		3B642D15199CA702002F0A42 /* HighLightViewController.h */ = {isa = PBXFileReference; fileEncoding = 4; lastKnownFileType = sourcecode.c.h; path = HighLightViewController.h; sourceTree = "<group>"; };
		3B642D16199CA702002F0A42 /* HighLightViewController.m */ = {isa = PBXFileReference; fileEncoding = 4; lastKnownFileType = sourcecode.c.objc; path = HighLightViewController.m; sourceTree = "<group>"; };
		3B642D1B199CB0F4002F0A42 /* LayoutViewController.h */ = {isa = PBXFileReference; fileEncoding = 4; lastKnownFileType = sourcecode.c.h; path = LayoutViewController.h; sourceTree = "<group>"; };
		3B642D1C199CB0F4002F0A42 /* LayoutViewController.m */ = {isa = PBXFileReference; fileEncoding = 4; lastKnownFileType = sourcecode.c.objc; path = LayoutViewController.m; sourceTree = "<group>"; };
		3B642D1E199CB112002F0A42 /* MyLayoutManager.h */ = {isa = PBXFileReference; fileEncoding = 4; lastKnownFileType = sourcecode.c.h; path = MyLayoutManager.h; sourceTree = "<group>"; };
		3B642D1F199CB112002F0A42 /* MyLayoutManager.m */ = {isa = PBXFileReference; fileEncoding = 4; lastKnownFileType = sourcecode.c.objc; path = MyLayoutManager.m; sourceTree = "<group>"; };
		3B642D22199CB1C4002F0A42 /* text.txt */ = {isa = PBXFileReference; fileEncoding = 4; lastKnownFileType = text; path = text.txt; sourceTree = "<group>"; };
/* End PBXFileReference section */

/* Begin PBXFrameworksBuildPhase section */
		3B642CE7199B90BE002F0A42 /* Frameworks */ = {
			isa = PBXFrameworksBuildPhase;
			buildActionMask = 2147483647;
			files = (
			);
			runOnlyForDeploymentPostprocessing = 0;
		};
		3B642CFD199B90BE002F0A42 /* Frameworks */ = {
			isa = PBXFrameworksBuildPhase;
			buildActionMask = 2147483647;
			files = (
			);
			runOnlyForDeploymentPostprocessing = 0;
		};
/* End PBXFrameworksBuildPhase section */

/* Begin PBXGroup section */
		3B642CE1199B90BE002F0A42 = {
			isa = PBXGroup;
			children = (
				3B642CEC199B90BE002F0A42 /* TextKitDemo */,
				3B642D03199B90BE002F0A42 /* TextKitDemoTests */,
				3B642CEB199B90BE002F0A42 /* Products */,
			);
			sourceTree = "<group>";
		};
		3B642CEB199B90BE002F0A42 /* Products */ = {
			isa = PBXGroup;
			children = (
				3B642CEA199B90BE002F0A42 /* TextKitDemo.app */,
				3B642D00199B90BE002F0A42 /* TextKitDemoTests.xctest */,
			);
			name = Products;
			sourceTree = "<group>";
		};
		3B642CEC199B90BE002F0A42 /* TextKitDemo */ = {
			isa = PBXGroup;
			children = (
				3B642CF1199B90BE002F0A42 /* AppDelegate.h */,
				3B642CF2199B90BE002F0A42 /* AppDelegate.m */,
				3B642CF4199B90BE002F0A42 /* ViewController.h */,
				3B642CF5199B90BE002F0A42 /* ViewController.m */,
				3B642CF7199B90BE002F0A42 /* Main.storyboard */,
				3B642D19199CAFA8002F0A42 /* TextAndPicture */,
				3B642D18199CAF95002F0A42 /* HighLight */,
				3B642D1A199CAFC0002F0A42 /* Layout */,
				3B642D21199CB1A7002F0A42 /* Text */,
				3B642CFA199B90BE002F0A42 /* Images.xcassets */,
				3B642CED199B90BE002F0A42 /* Supporting Files */,
			);
			path = TextKitDemo;
			sourceTree = "<group>";
		};
		3B642CED199B90BE002F0A42 /* Supporting Files */ = {
			isa = PBXGroup;
			children = (
				3B642CEE199B90BE002F0A42 /* Info.plist */,
				3B642CEF199B90BE002F0A42 /* main.m */,
			);
			name = "Supporting Files";
			sourceTree = "<group>";
		};
		3B642D03199B90BE002F0A42 /* TextKitDemoTests */ = {
			isa = PBXGroup;
			children = (
				3B642D06199B90BE002F0A42 /* TextKitDemoTests.m */,
				3B642D04199B90BE002F0A42 /* Supporting Files */,
			);
			path = TextKitDemoTests;
			sourceTree = "<group>";
		};
		3B642D04199B90BE002F0A42 /* Supporting Files */ = {
			isa = PBXGroup;
			children = (
				3B642D05199B90BE002F0A42 /* Info.plist */,
			);
			name = "Supporting Files";
			sourceTree = "<group>";
		};
		3B642D18199CAF95002F0A42 /* HighLight */ = {
			isa = PBXGroup;
			children = (
				3B642D15199CA702002F0A42 /* HighLightViewController.h */,
				3B642D16199CA702002F0A42 /* HighLightViewController.m */,
			);
			name = HighLight;
			sourceTree = "<group>";
		};
		3B642D19199CAFA8002F0A42 /* TextAndPicture */ = {
			isa = PBXGroup;
			children = (
				3B642D10199B9186002F0A42 /* TextAndPictureViewController.h */,
				3B642D11199B9186002F0A42 /* TextAndPictureViewController.m */,
			);
			name = TextAndPicture;
			sourceTree = "<group>";
		};
		3B642D1A199CAFC0002F0A42 /* Layout */ = {
			isa = PBXGroup;
			children = (
				3B642D1B199CB0F4002F0A42 /* LayoutViewController.h */,
				3B642D1C199CB0F4002F0A42 /* LayoutViewController.m */,
				3B642D1E199CB112002F0A42 /* MyLayoutManager.h */,
				3B642D1F199CB112002F0A42 /* MyLayoutManager.m */,
			);
			name = Layout;
			sourceTree = "<group>";
		};
		3B642D21199CB1A7002F0A42 /* Text */ = {
			isa = PBXGroup;
			children = (
				3B642D22199CB1C4002F0A42 /* text.txt */,
			);
			name = Text;
			sourceTree = "<group>";
		};
/* End PBXGroup section */

/* Begin PBXNativeTarget section */
		3B642CE9199B90BE002F0A42 /* TextKitDemo */ = {
			isa = PBXNativeTarget;
			buildConfigurationList = 3B642D0A199B90BE002F0A42 /* Build configuration list for PBXNativeTarget "TextKitDemo" */;
			buildPhases = (
				3B642CE6199B90BE002F0A42 /* Sources */,
				3B642CE7199B90BE002F0A42 /* Frameworks */,
				3B642CE8199B90BE002F0A42 /* Resources */,
			);
			buildRules = (
			);
			dependencies = (
			);
			name = TextKitDemo;
			productName = TextKitDemo;
			productReference = 3B642CEA199B90BE002F0A42 /* TextKitDemo.app */;
			productType = "com.apple.product-type.application";
		};
		3B642CFF199B90BE002F0A42 /* TextKitDemoTests */ = {
			isa = PBXNativeTarget;
			buildConfigurationList = 3B642D0D199B90BE002F0A42 /* Build configuration list for PBXNativeTarget "TextKitDemoTests" */;
			buildPhases = (
				3B642CFC199B90BE002F0A42 /* Sources */,
				3B642CFD199B90BE002F0A42 /* Frameworks */,
				3B642CFE199B90BE002F0A42 /* Resources */,
			);
			buildRules = (
			);
			dependencies = (
				3B642D02199B90BE002F0A42 /* PBXTargetDependency */,
			);
			name = TextKitDemoTests;
			productName = TextKitDemoTests;
			productReference = 3B642D00199B90BE002F0A42 /* TextKitDemoTests.xctest */;
			productType = "com.apple.product-type.bundle.unit-test";
		};
/* End PBXNativeTarget section */

/* Begin PBXProject section */
		3B642CE2199B90BE002F0A42 /* Project object */ = {
			isa = PBXProject;
			attributes = {
				LastUpgradeCheck = 0600;
				ORGANIZATIONNAME = "侯 坤明";
				TargetAttributes = {
					3B642CE9199B90BE002F0A42 = {
						CreatedOnToolsVersion = 6.0;
					};
					3B642CFF199B90BE002F0A42 = {
						CreatedOnToolsVersion = 6.0;
						TestTargetID = 3B642CE9199B90BE002F0A42;
					};
				};
			};
			buildConfigurationList = 3B642CE5199B90BE002F0A42 /* Build configuration list for PBXProject "TextKitDemo" */;
			compatibilityVersion = "Xcode 3.2";
			developmentRegion = English;
			hasScannedForEncodings = 0;
			knownRegions = (
				en,
				Base,
			);
			mainGroup = 3B642CE1199B90BE002F0A42;
			productRefGroup = 3B642CEB199B90BE002F0A42 /* Products */;
			projectDirPath = "";
			projectRoot = "";
			targets = (
				3B642CE9199B90BE002F0A42 /* TextKitDemo */,
				3B642CFF199B90BE002F0A42 /* TextKitDemoTests */,
			);
		};
/* End PBXProject section */

/* Begin PBXResourcesBuildPhase section */
		3B642CE8199B90BE002F0A42 /* Resources */ = {
			isa = PBXResourcesBuildPhase;
			buildActionMask = 2147483647;
			files = (
				3B642CF9199B90BE002F0A42 /* Main.storyboard in Resources */,
				3B642D23199CB1C4002F0A42 /* text.txt in Resources */,
				3B642CFB199B90BE002F0A42 /* Images.xcassets in Resources */,
			);
			runOnlyForDeploymentPostprocessing = 0;
		};
		3B642CFE199B90BE002F0A42 /* Resources */ = {
			isa = PBXResourcesBuildPhase;
			buildActionMask = 2147483647;
			files = (
			);
			runOnlyForDeploymentPostprocessing = 0;
		};
/* End PBXResourcesBuildPhase section */

/* Begin PBXSourcesBuildPhase section */
		3B642CE6199B90BE002F0A42 /* Sources */ = {
			isa = PBXSourcesBuildPhase;
			buildActionMask = 2147483647;
			files = (
				3B642D12199B9186002F0A42 /* TextAndPictureViewController.m in Sources */,
				3B642D17199CA702002F0A42 /* HighLightViewController.m in Sources */,
				3B642D20199CB112002F0A42 /* MyLayoutManager.m in Sources */,
				3B642D1D199CB0F4002F0A42 /* LayoutViewController.m in Sources */,
				3B642CF6199B90BE002F0A42 /* ViewController.m in Sources */,
				3B642CF3199B90BE002F0A42 /* AppDelegate.m in Sources */,
				3B642CF0199B90BE002F0A42 /* main.m in Sources */,
			);
			runOnlyForDeploymentPostprocessing = 0;
		};
		3B642CFC199B90BE002F0A42 /* Sources */ = {
			isa = PBXSourcesBuildPhase;
			buildActionMask = 2147483647;
			files = (
				3B642D07199B90BE002F0A42 /* TextKitDemoTests.m in Sources */,
			);
			runOnlyForDeploymentPostprocessing = 0;
		};
/* End PBXSourcesBuildPhase section */

/* Begin PBXTargetDependency section */
		3B642D02199B90BE002F0A42 /* PBXTargetDependency */ = {
			isa = PBXTargetDependency;
			target = 3B642CE9199B90BE002F0A42 /* TextKitDemo */;
			targetProxy = 3B642D01199B90BE002F0A42 /* PBXContainerItemProxy */;
		};
/* End PBXTargetDependency section */

/* Begin PBXVariantGroup section */
		3B642CF7199B90BE002F0A42 /* Main.storyboard */ = {
			isa = PBXVariantGroup;
			children = (
				3B642CF8199B90BE002F0A42 /* Base */,
			);
			name = Main.storyboard;
			sourceTree = "<group>";
		};
/* End PBXVariantGroup section */

/* Begin XCBuildConfiguration section */
		3B642D08199B90BE002F0A42 /* Debug */ = {
			isa = XCBuildConfiguration;
			buildSettings = {
				ALWAYS_SEARCH_USER_PATHS = NO;
				CLANG_CXX_LANGUAGE_STANDARD = "gnu++0x";
				CLANG_CXX_LIBRARY = "libc++";
				CLANG_ENABLE_MODULES = YES;
				CLANG_ENABLE_OBJC_ARC = YES;
				CLANG_WARN_BOOL_CONVERSION = YES;
				CLANG_WARN_CONSTANT_CONVERSION = YES;
				CLANG_WARN_DIRECT_OBJC_ISA_USAGE = YES_ERROR;
				CLANG_WARN_EMPTY_BODY = YES;
				CLANG_WARN_ENUM_CONVERSION = YES;
				CLANG_WARN_INT_CONVERSION = YES;
				CLANG_WARN_OBJC_ROOT_CLASS = YES_ERROR;
				CLANG_WARN_UNREACHABLE_CODE = YES;
				CLANG_WARN__DUPLICATE_METHOD_MATCH = YES;
				"CODE_SIGN_IDENTITY[sdk=iphoneos*]" = "iPhone Developer";
				COPY_PHASE_STRIP = NO;
				ENABLE_STRICT_OBJC_MSGSEND = YES;
				GCC_C_LANGUAGE_STANDARD = gnu99;
				GCC_DYNAMIC_NO_PIC = NO;
				GCC_OPTIMIZATION_LEVEL = 0;
				GCC_PREPROCESSOR_DEFINITIONS = (
					"DEBUG=1",
					"$(inherited)",
				);
				GCC_SYMBOLS_PRIVATE_EXTERN = NO;
				GCC_WARN_64_TO_32_BIT_CONVERSION = YES;
				GCC_WARN_ABOUT_RETURN_TYPE = YES_ERROR;
				GCC_WARN_UNDECLARED_SELECTOR = YES;
				GCC_WARN_UNINITIALIZED_AUTOS = YES_AGGRESSIVE;
				GCC_WARN_UNUSED_FUNCTION = YES;
				GCC_WARN_UNUSED_VARIABLE = YES;
				IPHONEOS_DEPLOYMENT_TARGET = 8.0;
				MTL_ENABLE_DEBUG_INFO = YES;
				ONLY_ACTIVE_ARCH = YES;
				SDKROOT = iphoneos;
			};
			name = Debug;
		};
		3B642D09199B90BE002F0A42 /* Release */ = {
			isa = XCBuildConfiguration;
			buildSettings = {
				ALWAYS_SEARCH_USER_PATHS = NO;
				CLANG_CXX_LANGUAGE_STANDARD = "gnu++0x";
				CLANG_CXX_LIBRARY = "libc++";
				CLANG_ENABLE_MODULES = YES;
				CLANG_ENABLE_OBJC_ARC = YES;
				CLANG_WARN_BOOL_CONVERSION = YES;
				CLANG_WARN_CONSTANT_CONVERSION = YES;
				CLANG_WARN_DIRECT_OBJC_ISA_USAGE = YES_ERROR;
				CLANG_WARN_EMPTY_BODY = YES;
				CLANG_WARN_ENUM_CONVERSION = YES;
				CLANG_WARN_INT_CONVERSION = YES;
				CLANG_WARN_OBJC_ROOT_CLASS = YES_ERROR;
				CLANG_WARN_UNREACHABLE_CODE = YES;
				CLANG_WARN__DUPLICATE_METHOD_MATCH = YES;
				"CODE_SIGN_IDENTITY[sdk=iphoneos*]" = "iPhone Developer";
				COPY_PHASE_STRIP = YES;
				ENABLE_NS_ASSERTIONS = NO;
				ENABLE_STRICT_OBJC_MSGSEND = YES;
				GCC_C_LANGUAGE_STANDARD = gnu99;
				GCC_WARN_64_TO_32_BIT_CONVERSION = YES;
				GCC_WARN_ABOUT_RETURN_TYPE = YES_ERROR;
				GCC_WARN_UNDECLARED_SELECTOR = YES;
				GCC_WARN_UNINITIALIZED_AUTOS = YES_AGGRESSIVE;
				GCC_WARN_UNUSED_FUNCTION = YES;
				GCC_WARN_UNUSED_VARIABLE = YES;
				IPHONEOS_DEPLOYMENT_TARGET = 8.0;
				MTL_ENABLE_DEBUG_INFO = NO;
				SDKROOT = iphoneos;
				VALIDATE_PRODUCT = YES;
			};
			name = Release;
		};
		3B642D0B199B90BE002F0A42 /* Debug */ = {
			isa = XCBuildConfiguration;
			buildSettings = {
				ASSETCATALOG_COMPILER_APPICON_NAME = AppIcon;
				ASSETCATALOG_COMPILER_LAUNCHIMAGE_NAME = LaunchImage;
				INFOPLIST_FILE = TextKitDemo/Info.plist;
				LD_RUNPATH_SEARCH_PATHS = "$(inherited) @executable_path/Frameworks";
				PRODUCT_NAME = "$(TARGET_NAME)";
			};
			name = Debug;
		};
		3B642D0C199B90BE002F0A42 /* Release */ = {
			isa = XCBuildConfiguration;
			buildSettings = {
				ASSETCATALOG_COMPILER_APPICON_NAME = AppIcon;
				ASSETCATALOG_COMPILER_LAUNCHIMAGE_NAME = LaunchImage;
				INFOPLIST_FILE = TextKitDemo/Info.plist;
				LD_RUNPATH_SEARCH_PATHS = "$(inherited) @executable_path/Frameworks";
				PRODUCT_NAME = "$(TARGET_NAME)";
			};
			name = Release;
		};
		3B642D0E199B90BE002F0A42 /* Debug */ = {
			isa = XCBuildConfiguration;
			buildSettings = {
				BUNDLE_LOADER = "$(TEST_HOST)";
				FRAMEWORK_SEARCH_PATHS = (
					"$(SDKROOT)/Developer/Library/Frameworks",
					"$(inherited)",
				);
				GCC_PREPROCESSOR_DEFINITIONS = (
					"DEBUG=1",
					"$(inherited)",
				);
				INFOPLIST_FILE = TextKitDemoTests/Info.plist;
				LD_RUNPATH_SEARCH_PATHS = "$(inherited) @executable_path/Frameworks @loader_path/Frameworks";
				PRODUCT_NAME = "$(TARGET_NAME)";
				TEST_HOST = "$(BUILT_PRODUCTS_DIR)/TextKitDemo.app/TextKitDemo";
			};
			name = Debug;
		};
		3B642D0F199B90BE002F0A42 /* Release */ = {
			isa = XCBuildConfiguration;
			buildSettings = {
				BUNDLE_LOADER = "$(TEST_HOST)";
				FRAMEWORK_SEARCH_PATHS = (
					"$(SDKROOT)/Developer/Library/Frameworks",
					"$(inherited)",
				);
				INFOPLIST_FILE = TextKitDemoTests/Info.plist;
				LD_RUNPATH_SEARCH_PATHS = "$(inherited) @executable_path/Frameworks @loader_path/Frameworks";
				PRODUCT_NAME = "$(TARGET_NAME)";
				TEST_HOST = "$(BUILT_PRODUCTS_DIR)/TextKitDemo.app/TextKitDemo";
			};
			name = Release;
		};
/* End XCBuildConfiguration section */

/* Begin XCConfigurationList section */
		3B642CE5199B90BE002F0A42 /* Build configuration list for PBXProject "TextKitDemo" */ = {
			isa = XCConfigurationList;
			buildConfigurations = (
				3B642D08199B90BE002F0A42 /* Debug */,
				3B642D09199B90BE002F0A42 /* Release */,
			);
			defaultConfigurationIsVisible = 0;
			defaultConfigurationName = Release;
		};
		3B642D0A199B90BE002F0A42 /* Build configuration list for PBXNativeTarget "TextKitDemo" */ = {
			isa = XCConfigurationList;
			buildConfigurations = (
				3B642D0B199B90BE002F0A42 /* Debug */,
				3B642D0C199B90BE002F0A42 /* Release */,
			);
			defaultConfigurationIsVisible = 0;
		};
		3B642D0D199B90BE002F0A42 /* Build configuration list for PBXNativeTarget "TextKitDemoTests" */ = {
			isa = XCConfigurationList;
			buildConfigurations = (
				3B642D0E199B90BE002F0A42 /* Debug */,
				3B642D0F199B90BE002F0A42 /* Release */,
			);
			defaultConfigurationIsVisible = 0;
		};
/* End XCConfigurationList section */
	};
	rootObject = 3B642CE2199B90BE002F0A42 /* Project object */;
}
