// !$*UTF8*$!
{
	archiveVersion = 1;
	classes = {
	};
	objectVersion = 46;
	objects = {

/* Begin PBXBuildFile section */
		3B0873ED187D8C5F00A0223C /* Foundation.framework in Frameworks */ = {isa = PBXBuildFile; fileRef = 3B0873EC187D8C5F00A0223C /* Foundation.framework */; };
		3B0873EF187D8C5F00A0223C /* CoreGraphics.framework in Frameworks */ = {isa = PBXBuildFile; fileRef = 3B0873EE187D8C5F00A0223C /* CoreGraphics.framework */; };
		3B0873F1187D8C5F00A0223C /* UIKit.framework in Frameworks */ = {isa = PBXBuildFile; fileRef = 3B0873F0187D8C5F00A0223C /* UIKit.framework */; };
		3B0873F7187D8C5F00A0223C /* InfoPlist.strings in Resources */ = {isa = PBXBuildFile; fileRef = 3B0873F5187D8C5F00A0223C /* InfoPlist.strings */; };
		3B0873F9187D8C5F00A0223C /* main.m in Sources */ = {isa = PBXBuildFile; fileRef = 3B0873F8187D8C5F00A0223C /* main.m */; };
		3B0873FD187D8C5F00A0223C /* AppDelegate.m in Sources */ = {isa = PBXBuildFile; fileRef = 3B0873FC187D8C5F00A0223C /* AppDelegate.m */; };
		3B087400187D8C5F00A0223C /* Main.storyboard in Resources */ = {isa = PBXBuildFile; fileRef = 3B0873FE187D8C5F00A0223C /* Main.storyboard */; };
		3B087403187D8C5F00A0223C /* ViewController.m in Sources */ = {isa = PBXBuildFile; fileRef = 3B087402187D8C5F00A0223C /* ViewController.m */; };
		3B087405187D8C5F00A0223C /* Images.xcassets in Resources */ = {isa = PBXBuildFile; fileRef = 3B087404187D8C5F00A0223C /* Images.xcassets */; };
		3B08740C187D8C5F00A0223C /* XCTest.framework in Frameworks */ = {isa = PBXBuildFile; fileRef = 3B08740B187D8C5F00A0223C /* XCTest.framework */; };
		3B08740D187D8C5F00A0223C /* Foundation.framework in Frameworks */ = {isa = PBXBuildFile; fileRef = 3B0873EC187D8C5F00A0223C /* Foundation.framework */; };
		3B08740E187D8C5F00A0223C /* UIKit.framework in Frameworks */ = {isa = PBXBuildFile; fileRef = 3B0873F0187D8C5F00A0223C /* UIKit.framework */; };
		3B087416187D8C5F00A0223C /* InfoPlist.strings in Resources */ = {isa = PBXBuildFile; fileRef = 3B087414187D8C5F00A0223C /* InfoPlist.strings */; };
		3B087418187D8C5F00A0223C /* IBAFormDemoTests.m in Sources */ = {isa = PBXBuildFile; fileRef = 3B087417187D8C5F00A0223C /* IBAFormDemoTests.m */; };
		3B087446187D9B8200A0223C /* libIBAForms.a in Frameworks */ = {isa = PBXBuildFile; fileRef = 3B087443187D9AD100A0223C /* libIBAForms.a */; };
		3B08744B187D9E9200A0223C /* DataSource.m in Sources */ = {isa = PBXBuildFile; fileRef = 3B08744A187D9E9200A0223C /* DataSource.m */; };
		3B08744E187DA13E00A0223C /* FormViewController.m in Sources */ = {isa = PBXBuildFile; fileRef = 3B08744D187DA13E00A0223C /* FormViewController.m */; };
/* End PBXBuildFile section */

/* Begin PBXContainerItemProxy section */
		3B08740F187D8C5F00A0223C /* PBXContainerItemProxy */ = {
			isa = PBXContainerItemProxy;
			containerPortal = 3B0873E1187D8C5F00A0223C /* Project object */;
			proxyType = 1;
			remoteGlobalIDString = 3B0873E8187D8C5F00A0223C;
			remoteInfo = IBAFormDemo;
		};
		3B087442187D9AD100A0223C /* PBXContainerItemProxy */ = {
			isa = PBXContainerItemProxy;
			containerPortal = 3B08743E187D9AD100A0223C /* IBAForms.xcodeproj */;
			proxyType = 2;
			remoteGlobalIDString = D2AAC07E0554694100DB518D;
			remoteInfo = IBAForms;
		};
		3B087444187D9B7B00A0223C /* PBXContainerItemProxy */ = {
			isa = PBXContainerItemProxy;
			containerPortal = 3B08743E187D9AD100A0223C /* IBAForms.xcodeproj */;
			proxyType = 1;
			remoteGlobalIDString = D2AAC07D0554694100DB518D;
			remoteInfo = IBAForms;
		};
/* End PBXContainerItemProxy section */

/* Begin PBXFileReference section */
		3B0873E9187D8C5F00A0223C /* IBAFormDemo.app */ = {isa = PBXFileReference; explicitFileType = wrapper.application; includeInIndex = 0; path = IBAFormDemo.app; sourceTree = BUILT_PRODUCTS_DIR; };
		3B0873EC187D8C5F00A0223C /* Foundation.framework */ = {isa = PBXFileReference; lastKnownFileType = wrapper.framework; name = Foundation.framework; path = System/Library/Frameworks/Foundation.framework; sourceTree = SDKROOT; };
		3B0873EE187D8C5F00A0223C /* CoreGraphics.framework */ = {isa = PBXFileReference; lastKnownFileType = wrapper.framework; name = CoreGraphics.framework; path = System/Library/Frameworks/CoreGraphics.framework; sourceTree = SDKROOT; };
		3B0873F0187D8C5F00A0223C /* UIKit.framework */ = {isa = PBXFileReference; lastKnownFileType = wrapper.framework; name = UIKit.framework; path = System/Library/Frameworks/UIKit.framework; sourceTree = SDKROOT; };
		3B0873F4187D8C5F00A0223C /* IBAFormDemo-Info.plist */ = {isa = PBXFileReference; lastKnownFileType = text.plist.xml; path = "IBAFormDemo-Info.plist"; sourceTree = "<group>"; };
		3B0873F6187D8C5F00A0223C /* en */ = {isa = PBXFileReference; lastKnownFileType = text.plist.strings; name = en; path = en.lproj/InfoPlist.strings; sourceTree = "<group>"; };
		3B0873F8187D8C5F00A0223C /* main.m */ = {isa = PBXFileReference; lastKnownFileType = sourcecode.c.objc; path = main.m; sourceTree = "<group>"; };
		3B0873FA187D8C5F00A0223C /* IBAFormDemo-Prefix.pch */ = {isa = PBXFileReference; lastKnownFileType = sourcecode.c.h; path = "IBAFormDemo-Prefix.pch"; sourceTree = "<group>"; };
		3B0873FB187D8C5F00A0223C /* AppDelegate.h */ = {isa = PBXFileReference; lastKnownFileType = sourcecode.c.h; path = AppDelegate.h; sourceTree = "<group>"; };
		3B0873FC187D8C5F00A0223C /* AppDelegate.m */ = {isa = PBXFileReference; lastKnownFileType = sourcecode.c.objc; path = AppDelegate.m; sourceTree = "<group>"; };
		3B0873FF187D8C5F00A0223C /* Base */ = {isa = PBXFileReference; lastKnownFileType = file.storyboard; name = Base; path = Base.lproj/Main.storyboard; sourceTree = "<group>"; };
		3B087401187D8C5F00A0223C /* ViewController.h */ = {isa = PBXFileReference; lastKnownFileType = sourcecode.c.h; path = ViewController.h; sourceTree = "<group>"; };
		3B087402187D8C5F00A0223C /* ViewController.m */ = {isa = PBXFileReference; lastKnownFileType = sourcecode.c.objc; path = ViewController.m; sourceTree = "<group>"; };
		3B087404187D8C5F00A0223C /* Images.xcassets */ = {isa = PBXFileReference; lastKnownFileType = folder.assetcatalog; path = Images.xcassets; sourceTree = "<group>"; };
		3B08740A187D8C5F00A0223C /* IBAFormDemoTests.xctest */ = {isa = PBXFileReference; explicitFileType = wrapper.cfbundle; includeInIndex = 0; path = IBAFormDemoTests.xctest; sourceTree = BUILT_PRODUCTS_DIR; };
		3B08740B187D8C5F00A0223C /* XCTest.framework */ = {isa = PBXFileReference; lastKnownFileType = wrapper.framework; name = XCTest.framework; path = Library/Frameworks/XCTest.framework; sourceTree = DEVELOPER_DIR; };
		3B087413187D8C5F00A0223C /* IBAFormDemoTests-Info.plist */ = {isa = PBXFileReference; lastKnownFileType = text.plist.xml; path = "IBAFormDemoTests-Info.plist"; sourceTree = "<group>"; };
		3B087415187D8C5F00A0223C /* en */ = {isa = PBXFileReference; lastKnownFileType = text.plist.strings; name = en; path = en.lproj/InfoPlist.strings; sourceTree = "<group>"; };
		3B087417187D8C5F00A0223C /* IBAFormDemoTests.m */ = {isa = PBXFileReference; lastKnownFileType = sourcecode.c.objc; path = IBAFormDemoTests.m; sourceTree = "<group>"; };
		3B08743E187D9AD100A0223C /* IBAForms.xcodeproj */ = {isa = PBXFileReference; lastKnownFileType = "wrapper.pb-project"; name = IBAForms.xcodeproj; path = IBAFormDemo/Library/IBAForms/IBAForms.xcodeproj; sourceTree = "<group>"; };
		3B087449187D9E9200A0223C /* DataSource.h */ = {isa = PBXFileReference; fileEncoding = 4; lastKnownFileType = sourcecode.c.h; path = DataSource.h; sourceTree = "<group>"; };
		3B08744A187D9E9200A0223C /* DataSource.m */ = {isa = PBXFileReference; fileEncoding = 4; lastKnownFileType = sourcecode.c.objc; path = DataSource.m; sourceTree = "<group>"; };
		3B08744C187DA13E00A0223C /* FormViewController.h */ = {isa = PBXFileReference; fileEncoding = 4; lastKnownFileType = sourcecode.c.h; path = FormViewController.h; sourceTree = "<group>"; };
		3B08744D187DA13E00A0223C /* FormViewController.m */ = {isa = PBXFileReference; fileEncoding = 4; lastKnownFileType = sourcecode.c.objc; path = FormViewController.m; sourceTree = "<group>"; };
/* End PBXFileReference section */

/* Begin PBXFrameworksBuildPhase section */
		3B0873E6187D8C5F00A0223C /* Frameworks */ = {
			isa = PBXFrameworksBuildPhase;
			buildActionMask = 2147483647;
			files = (
				3B087446187D9B8200A0223C /* libIBAForms.a in Frameworks */,
				3B0873EF187D8C5F00A0223C /* CoreGraphics.framework in Frameworks */,
				3B0873F1187D8C5F00A0223C /* UIKit.framework in Frameworks */,
				3B0873ED187D8C5F00A0223C /* Foundation.framework in Frameworks */,
			);
			runOnlyForDeploymentPostprocessing = 0;
		};
		3B087407187D8C5F00A0223C /* Frameworks */ = {
			isa = PBXFrameworksBuildPhase;
			buildActionMask = 2147483647;
			files = (
				3B08740C187D8C5F00A0223C /* XCTest.framework in Frameworks */,
				3B08740E187D8C5F00A0223C /* UIKit.framework in Frameworks */,
				3B08740D187D8C5F00A0223C /* Foundation.framework in Frameworks */,
			);
			runOnlyForDeploymentPostprocessing = 0;
		};
/* End PBXFrameworksBuildPhase section */

/* Begin PBXGroup section */
		3B0873E0187D8C5F00A0223C = {
			isa = PBXGroup;
			children = (
				3B0873F2187D8C5F00A0223C /* IBAFormDemo */,
				3B087411187D8C5F00A0223C /* IBAFormDemoTests */,
				3B0873EB187D8C5F00A0223C /* Frameworks */,
				3B0873EA187D8C5F00A0223C /* Products */,
			);
			sourceTree = "<group>";
		};
		3B0873EA187D8C5F00A0223C /* Products */ = {
			isa = PBXGroup;
			children = (
				3B0873E9187D8C5F00A0223C /* IBAFormDemo.app */,
				3B08740A187D8C5F00A0223C /* IBAFormDemoTests.xctest */,
			);
			name = Products;
			sourceTree = "<group>";
		};
		3B0873EB187D8C5F00A0223C /* Frameworks */ = {
			isa = PBXGroup;
			children = (
				3B08743E187D9AD100A0223C /* IBAForms.xcodeproj */,
				3B0873EC187D8C5F00A0223C /* Foundation.framework */,
				3B0873EE187D8C5F00A0223C /* CoreGraphics.framework */,
				3B0873F0187D8C5F00A0223C /* UIKit.framework */,
				3B08740B187D8C5F00A0223C /* XCTest.framework */,
			);
			name = Frameworks;
			sourceTree = "<group>";
		};
		3B0873F2187D8C5F00A0223C /* IBAFormDemo */ = {
			isa = PBXGroup;
			children = (
				3B0873FB187D8C5F00A0223C /* AppDelegate.h */,
				3B0873FC187D8C5F00A0223C /* AppDelegate.m */,
				3B0873FE187D8C5F00A0223C /* Main.storyboard */,
				3B087401187D8C5F00A0223C /* ViewController.h */,
				3B087402187D8C5F00A0223C /* ViewController.m */,
				3B08744C187DA13E00A0223C /* FormViewController.h */,
				3B08744D187DA13E00A0223C /* FormViewController.m */,
				3B087404187D8C5F00A0223C /* Images.xcassets */,
				3B0873F3187D8C5F00A0223C /* Supporting Files */,
				3B087449187D9E9200A0223C /* DataSource.h */,
				3B08744A187D9E9200A0223C /* DataSource.m */,
			);
			path = IBAFormDemo;
			sourceTree = "<group>";
		};
		3B0873F3187D8C5F00A0223C /* Supporting Files */ = {
			isa = PBXGroup;
			children = (
				3B0873F4187D8C5F00A0223C /* IBAFormDemo-Info.plist */,
				3B0873F5187D8C5F00A0223C /* InfoPlist.strings */,
				3B0873F8187D8C5F00A0223C /* main.m */,
				3B0873FA187D8C5F00A0223C /* IBAFormDemo-Prefix.pch */,
			);
			name = "Supporting Files";
			sourceTree = "<group>";
		};
		3B087411187D8C5F00A0223C /* IBAFormDemoTests */ = {
			isa = PBXGroup;
			children = (
				3B087417187D8C5F00A0223C /* IBAFormDemoTests.m */,
				3B087412187D8C5F00A0223C /* Supporting Files */,
			);
			path = IBAFormDemoTests;
			sourceTree = "<group>";
		};
		3B087412187D8C5F00A0223C /* Supporting Files */ = {
			isa = PBXGroup;
			children = (
				3B087413187D8C5F00A0223C /* IBAFormDemoTests-Info.plist */,
				3B087414187D8C5F00A0223C /* InfoPlist.strings */,
			);
			name = "Supporting Files";
			sourceTree = "<group>";
		};
		3B08743F187D9AD100A0223C /* Products */ = {
			isa = PBXGroup;
			children = (
				3B087443187D9AD100A0223C /* libIBAForms.a */,
			);
			name = Products;
			sourceTree = "<group>";
		};
/* End PBXGroup section */

/* Begin PBXNativeTarget section */
		3B0873E8187D8C5F00A0223C /* IBAFormDemo */ = {
			isa = PBXNativeTarget;
			buildConfigurationList = 3B08741B187D8C5F00A0223C /* Build configuration list for PBXNativeTarget "IBAFormDemo" */;
			buildPhases = (
				3B0873E5187D8C5F00A0223C /* Sources */,
				3B0873E6187D8C5F00A0223C /* Frameworks */,
				3B0873E7187D8C5F00A0223C /* Resources */,
			);
			buildRules = (
			);
			dependencies = (
				3B087445187D9B7B00A0223C /* PBXTargetDependency */,
			);
			name = IBAFormDemo;
			productName = IBAFormDemo;
			productReference = 3B0873E9187D8C5F00A0223C /* IBAFormDemo.app */;
			productType = "com.apple.product-type.application";
		};
		3B087409187D8C5F00A0223C /* IBAFormDemoTests */ = {
			isa = PBXNativeTarget;
			buildConfigurationList = 3B08741E187D8C5F00A0223C /* Build configuration list for PBXNativeTarget "IBAFormDemoTests" */;
			buildPhases = (
				3B087406187D8C5F00A0223C /* Sources */,
				3B087407187D8C5F00A0223C /* Frameworks */,
				3B087408187D8C5F00A0223C /* Resources */,
			);
			buildRules = (
			);
			dependencies = (
				3B087410187D8C5F00A0223C /* PBXTargetDependency */,
			);
			name = IBAFormDemoTests;
			productName = IBAFormDemoTests;
			productReference = 3B08740A187D8C5F00A0223C /* IBAFormDemoTests.xctest */;
			productType = "com.apple.product-type.bundle.unit-test";
		};
/* End PBXNativeTarget section */

/* Begin PBXProject section */
		3B0873E1187D8C5F00A0223C /* Project object */ = {
			isa = PBXProject;
			attributes = {
				LastUpgradeCheck = 0500;
				ORGANIZATIONNAME = "侯 坤明";
				TargetAttributes = {
					3B087409187D8C5F00A0223C = {
						TestTargetID = 3B0873E8187D8C5F00A0223C;
					};
				};
			};
			buildConfigurationList = 3B0873E4187D8C5F00A0223C /* Build configuration list for PBXProject "IBAFormDemo" */;
			compatibilityVersion = "Xcode 3.2";
			developmentRegion = English;
			hasScannedForEncodings = 0;
			knownRegions = (
				en,
				Base,
			);
			mainGroup = 3B0873E0187D8C5F00A0223C;
			productRefGroup = 3B0873EA187D8C5F00A0223C /* Products */;
			projectDirPath = "";
			projectReferences = (
				{
					ProductGroup = 3B08743F187D9AD100A0223C /* Products */;
					ProjectRef = 3B08743E187D9AD100A0223C /* IBAForms.xcodeproj */;
				},
			);
			projectRoot = "";
			targets = (
				3B0873E8187D8C5F00A0223C /* IBAFormDemo */,
				3B087409187D8C5F00A0223C /* IBAFormDemoTests */,
			);
		};
/* End PBXProject section */

/* Begin PBXReferenceProxy section */
		3B087443187D9AD100A0223C /* libIBAForms.a */ = {
			isa = PBXReferenceProxy;
			fileType = archive.ar;
			path = libIBAForms.a;
			remoteRef = 3B087442187D9AD100A0223C /* PBXContainerItemProxy */;
			sourceTree = BUILT_PRODUCTS_DIR;
		};
/* End PBXReferenceProxy section */

/* Begin PBXResourcesBuildPhase section */
		3B0873E7187D8C5F00A0223C /* Resources */ = {
			isa = PBXResourcesBuildPhase;
			buildActionMask = 2147483647;
			files = (
				3B087405187D8C5F00A0223C /* Images.xcassets in Resources */,
				3B0873F7187D8C5F00A0223C /* InfoPlist.strings in Resources */,
				3B087400187D8C5F00A0223C /* Main.storyboard in Resources */,
			);
			runOnlyForDeploymentPostprocessing = 0;
		};
		3B087408187D8C5F00A0223C /* Resources */ = {
			isa = PBXResourcesBuildPhase;
			buildActionMask = 2147483647;
			files = (
				3B087416187D8C5F00A0223C /* InfoPlist.strings in Resources */,
			);
			runOnlyForDeploymentPostprocessing = 0;
		};
/* End PBXResourcesBuildPhase section */

/* Begin PBXSourcesBuildPhase section */
		3B0873E5187D8C5F00A0223C /* Sources */ = {
			isa = PBXSourcesBuildPhase;
			buildActionMask = 2147483647;
			files = (
				3B087403187D8C5F00A0223C /* ViewController.m in Sources */,
				3B0873FD187D8C5F00A0223C /* AppDelegate.m in Sources */,
				3B08744B187D9E9200A0223C /* DataSource.m in Sources */,
				3B08744E187DA13E00A0223C /* FormViewController.m in Sources */,
				3B0873F9187D8C5F00A0223C /* main.m in Sources */,
			);
			runOnlyForDeploymentPostprocessing = 0;
		};
		3B087406187D8C5F00A0223C /* Sources */ = {
			isa = PBXSourcesBuildPhase;
			buildActionMask = 2147483647;
			files = (
				3B087418187D8C5F00A0223C /* IBAFormDemoTests.m in Sources */,
			);
			runOnlyForDeploymentPostprocessing = 0;
		};
/* End PBXSourcesBuildPhase section */

/* Begin PBXTargetDependency section */
		3B087410187D8C5F00A0223C /* PBXTargetDependency */ = {
			isa = PBXTargetDependency;
			target = 3B0873E8187D8C5F00A0223C /* IBAFormDemo */;
			targetProxy = 3B08740F187D8C5F00A0223C /* PBXContainerItemProxy */;
		};
		3B087445187D9B7B00A0223C /* PBXTargetDependency */ = {
			isa = PBXTargetDependency;
			name = IBAForms;
			targetProxy = 3B087444187D9B7B00A0223C /* PBXContainerItemProxy */;
		};
/* End PBXTargetDependency section */

/* Begin PBXVariantGroup section */
		3B0873F5187D8C5F00A0223C /* InfoPlist.strings */ = {
			isa = PBXVariantGroup;
			children = (
				3B0873F6187D8C5F00A0223C /* en */,
			);
			name = InfoPlist.strings;
			sourceTree = "<group>";
		};
		3B0873FE187D8C5F00A0223C /* Main.storyboard */ = {
			isa = PBXVariantGroup;
			children = (
				3B0873FF187D8C5F00A0223C /* Base */,
			);
			name = Main.storyboard;
			sourceTree = "<group>";
		};
		3B087414187D8C5F00A0223C /* InfoPlist.strings */ = {
			isa = PBXVariantGroup;
			children = (
				3B087415187D8C5F00A0223C /* en */,
			);
			name = InfoPlist.strings;
			sourceTree = "<group>";
		};
/* End PBXVariantGroup section */

/* Begin XCBuildConfiguration section */
		3B087419187D8C5F00A0223C /* Debug */ = {
			isa = XCBuildConfiguration;
			buildSettings = {
				ALWAYS_SEARCH_USER_PATHS = NO;
				ARCHS = "$(ARCHS_STANDARD_INCLUDING_64_BIT)";
				CLANG_CXX_LANGUAGE_STANDARD = "gnu++0x";
				CLANG_CXX_LIBRARY = "libc++";
				CLANG_ENABLE_MODULES = YES;
				CLANG_ENABLE_OBJC_ARC = YES;
				CLANG_WARN_BOOL_CONVERSION = YES;
				CLANG_WARN_CONSTANT_CONVERSION = YES;
				CLANG_WARN_DIRECT_OBJC_ISA_USAGE = YES_ERROR;
				CLANG_WARN_EMPTY_BODY = YES;
				CLANG_WARN_ENUM_CONVERSION = YES;
				CLANG_WARN_INT_CONVERSION = YES;
				CLANG_WARN_OBJC_ROOT_CLASS = YES_ERROR;
				CLANG_WARN__DUPLICATE_METHOD_MATCH = YES;
				"CODE_SIGN_IDENTITY[sdk=iphoneos*]" = "iPhone Developer";
				COPY_PHASE_STRIP = NO;
				GCC_C_LANGUAGE_STANDARD = gnu99;
				GCC_DYNAMIC_NO_PIC = NO;
				GCC_OPTIMIZATION_LEVEL = 0;
				GCC_PREPROCESSOR_DEFINITIONS = (
					"DEBUG=1",
					"$(inherited)",
				);
				GCC_SYMBOLS_PRIVATE_EXTERN = NO;
				GCC_WARN_64_TO_32_BIT_CONVERSION = YES;
				GCC_WARN_ABOUT_RETURN_TYPE = YES_ERROR;
				GCC_WARN_UNDECLARED_SELECTOR = YES;
				GCC_WARN_UNINITIALIZED_AUTOS = YES;
				GCC_WARN_UNUSED_FUNCTION = YES;
				GCC_WARN_UNUSED_VARIABLE = YES;
				IPHONEOS_DEPLOYMENT_TARGET = 7.0;
				ONLY_ACTIVE_ARCH = YES;
				SDKROOT = iphoneos;
			};
			name = Debug;
		};
		3B08741A187D8C5F00A0223C /* Release */ = {
			isa = XCBuildConfiguration;
			buildSettings = {
				ALWAYS_SEARCH_USER_PATHS = NO;
				ARCHS = "$(ARCHS_STANDARD_INCLUDING_64_BIT)";
				CLANG_CXX_LANGUAGE_STANDARD = "gnu++0x";
				CLANG_CXX_LIBRARY = "libc++";
				CLANG_ENABLE_MODULES = YES;
				CLANG_ENABLE_OBJC_ARC = YES;
				CLANG_WARN_BOOL_CONVERSION = YES;
				CLANG_WARN_CONSTANT_CONVERSION = YES;
				CLANG_WARN_DIRECT_OBJC_ISA_USAGE = YES_ERROR;
				CLANG_WARN_EMPTY_BODY = YES;
				CLANG_WARN_ENUM_CONVERSION = YES;
				CLANG_WARN_INT_CONVERSION = YES;
				CLANG_WARN_OBJC_ROOT_CLASS = YES_ERROR;
				CLANG_WARN__DUPLICATE_METHOD_MATCH = YES;
				"CODE_SIGN_IDENTITY[sdk=iphoneos*]" = "iPhone Developer";
				COPY_PHASE_STRIP = YES;
				ENABLE_NS_ASSERTIONS = NO;
				GCC_C_LANGUAGE_STANDARD = gnu99;
				GCC_WARN_64_TO_32_BIT_CONVERSION = YES;
				GCC_WARN_ABOUT_RETURN_TYPE = YES_ERROR;
				GCC_WARN_UNDECLARED_SELECTOR = YES;
				GCC_WARN_UNINITIALIZED_AUTOS = YES;
				GCC_WARN_UNUSED_FUNCTION = YES;
				GCC_WARN_UNUSED_VARIABLE = YES;
				IPHONEOS_DEPLOYMENT_TARGET = 7.0;
				SDKROOT = iphoneos;
				VALIDATE_PRODUCT = YES;
			};
			name = Release;
		};
		3B08741C187D8C5F00A0223C /* Debug */ = {
			isa = XCBuildConfiguration;
			buildSettings = {
				ASSETCATALOG_COMPILER_APPICON_NAME = AppIcon;
				ASSETCATALOG_COMPILER_LAUNCHIMAGE_NAME = LaunchImage;
				FRAMEWORK_SEARCH_PATHS = "";
				GCC_PRECOMPILE_PREFIX_HEADER = YES;
				GCC_PREFIX_HEADER = "IBAFormDemo/IBAFormDemo-Prefix.pch";
				HEADER_SEARCH_PATHS = (
					"$(inherited)",
					/Applications/Xcode.app/Contents/Developer/Toolchains/XcodeDefault.xctoolchain/usr/include,
					"$(SOURCE_ROOT)/IBAFormDemo/Library/IBAForms/headers",
				);
				INFOPLIST_FILE = "IBAFormDemo/IBAFormDemo-Info.plist";
				LIBRARY_SEARCH_PATHS = "$(SOURCE_ROOT)/IBAFormDemo/Library/IBAForms";
				OTHER_LDFLAGS = (
					"-ObjC",
					"-all_load",
				);
				PRODUCT_NAME = "$(TARGET_NAME)";
				USER_HEADER_SEARCH_PATHS = "$(SOURCE_ROOT)/IBAFormDemo/Library/IBAForms/headers";
				WRAPPER_EXTENSION = app;
			};
			name = Debug;
		};
		3B08741D187D8C5F00A0223C /* Release */ = {
			isa = XCBuildConfiguration;
			buildSettings = {
				ASSETCATALOG_COMPILER_APPICON_NAME = AppIcon;
				ASSETCATALOG_COMPILER_LAUNCHIMAGE_NAME = LaunchImage;
				FRAMEWORK_SEARCH_PATHS = "";
				GCC_PRECOMPILE_PREFIX_HEADER = YES;
				GCC_PREFIX_HEADER = "IBAFormDemo/IBAFormDemo-Prefix.pch";
				HEADER_SEARCH_PATHS = (
					"$(inherited)",
					/Applications/Xcode.app/Contents/Developer/Toolchains/XcodeDefault.xctoolchain/usr/include,
					"$(SOURCE_ROOT)/IBAFormDemo/Library/IBAForms/headers",
				);
				INFOPLIST_FILE = "IBAFormDemo/IBAFormDemo-Info.plist";
				LIBRARY_SEARCH_PATHS = "$(SOURCE_ROOT)/IBAFormDemo/Library/IBAForms";
				OTHER_LDFLAGS = (
					"-ObjC",
					"-all_load",
				);
				PRODUCT_NAME = "$(TARGET_NAME)";
				USER_HEADER_SEARCH_PATHS = "$(SOURCE_ROOT)/IBAFormDemo/Library/IBAForms/headers";
				WRAPPER_EXTENSION = app;
			};
			name = Release;
		};
		3B08741F187D8C5F00A0223C /* Debug */ = {
			isa = XCBuildConfiguration;
			buildSettings = {
				ARCHS = "$(ARCHS_STANDARD_INCLUDING_64_BIT)";
				BUNDLE_LOADER = "$(BUILT_PRODUCTS_DIR)/IBAFormDemo.app/IBAFormDemo";
				FRAMEWORK_SEARCH_PATHS = (
					"$(SDKROOT)/Developer/Library/Frameworks",
					"$(inherited)",
					"$(DEVELOPER_FRAMEWORKS_DIR)",
				);
				GCC_PRECOMPILE_PREFIX_HEADER = YES;
				GCC_PREFIX_HEADER = "IBAFormDemo/IBAFormDemo-Prefix.pch";
				GCC_PREPROCESSOR_DEFINITIONS = (
					"DEBUG=1",
					"$(inherited)",
				);
				INFOPLIST_FILE = "IBAFormDemoTests/IBAFormDemoTests-Info.plist";
				PRODUCT_NAME = "$(TARGET_NAME)";
				TEST_HOST = "$(BUNDLE_LOADER)";
				WRAPPER_EXTENSION = xctest;
			};
			name = Debug;
		};
		3B087420187D8C5F00A0223C /* Release */ = {
			isa = XCBuildConfiguration;
			buildSettings = {
				ARCHS = "$(ARCHS_STANDARD_INCLUDING_64_BIT)";
				BUNDLE_LOADER = "$(BUILT_PRODUCTS_DIR)/IBAFormDemo.app/IBAFormDemo";
				FRAMEWORK_SEARCH_PATHS = (
					"$(SDKROOT)/Developer/Library/Frameworks",
					"$(inherited)",
					"$(DEVELOPER_FRAMEWORKS_DIR)",
				);
				GCC_PRECOMPILE_PREFIX_HEADER = YES;
				GCC_PREFIX_HEADER = "IBAFormDemo/IBAFormDemo-Prefix.pch";
				INFOPLIST_FILE = "IBAFormDemoTests/IBAFormDemoTests-Info.plist";
				PRODUCT_NAME = "$(TARGET_NAME)";
				TEST_HOST = "$(BUNDLE_LOADER)";
				WRAPPER_EXTENSION = xctest;
			};
			name = Release;
		};
/* End XCBuildConfiguration section */

/* Begin XCConfigurationList section */
		3B0873E4187D8C5F00A0223C /* Build configuration list for PBXProject "IBAFormDemo" */ = {
			isa = XCConfigurationList;
			buildConfigurations = (
				3B087419187D8C5F00A0223C /* Debug */,
				3B08741A187D8C5F00A0223C /* Release */,
			);
			defaultConfigurationIsVisible = 0;
			defaultConfigurationName = Release;
		};
		3B08741B187D8C5F00A0223C /* Build configuration list for PBXNativeTarget "IBAFormDemo" */ = {
			isa = XCConfigurationList;
			buildConfigurations = (
				3B08741C187D8C5F00A0223C /* Debug */,
				3B08741D187D8C5F00A0223C /* Release */,
			);
			defaultConfigurationIsVisible = 0;
			defaultConfigurationName = Release;
		};
		3B08741E187D8C5F00A0223C /* Build configuration list for PBXNativeTarget "IBAFormDemoTests" */ = {
			isa = XCConfigurationList;
			buildConfigurations = (
				3B08741F187D8C5F00A0223C /* Debug */,
				3B087420187D8C5F00A0223C /* Release */,
			);
			defaultConfigurationIsVisible = 0;
			defaultConfigurationName = Release;
		};
/* End XCConfigurationList section */
	};
	rootObject = 3B0873E1187D8C5F00A0223C /* Project object */;
}
